
Microsoft Visual Studio Solution File, Format Version 12.00
# Visual Studio Version 17
VisualStudioVersion = 17.4.33205.214
MinimumVisualStudioVersion = 10.0.40219.1
Project("{FAE04EC0-301F-11D3-BF4B-00C04F79EFBC}") = "ECOMweb", "ECOMweb\ECOMweb.csproj", "{A30421B2-7648-4722-90B7-B1E28AE241EC}"
EndProject
Global
	GlobalSection(SolutionConfigurationPlatforms) = preSolution
		Debug|Any CPU = Debug|Any CPU
		Release|Any CPU = Release|Any CPU
	EndGlobalSection
	GlobalSection(ProjectConfigurationPlatforms) = postSolution
		{A30421B2-7648-4722-90B7-B1E28AE241EC}.Debug|Any CPU.ActiveCfg = Debug|Any CPU
		{A30421B2-7648-4722-90B7-B1E28AE241EC}.Debug|Any CPU.Build.0 = Debug|Any CPU
		{A30421B2-7648-4722-90B7-B1E28AE241EC}.Release|Any CPU.ActiveCfg = Release|Any CPU
		{A30421B2-7648-4722-90B7-B1E28AE241EC}.Release|Any CPU.Build.0 = Release|Any CPU
	EndGlobalSection
	GlobalSection(SolutionProperties) = preSolution
		HideSolutionNode = FALSE
	EndGlobalSection
	GlobalSection(ExtensibilityGlobals) = postSolution
		SolutionGuid = {FCD39777-1FCD-41F5-B198-0EE07F0CFE39}
	EndGlobalSection
EndGlobal
